
Microsoft Visual Studio Solution File, Format Version 12.00
# Visual Studio Version 17
VisualStudioVersion = 17.9.34902.65
MinimumVisualStudioVersion = 10.0.40219.1
Project("{FAE04EC0-301F-11D3-BF4B-00C04F79EFBC}") = "CreditCardValidationAPI", "CreditCardValidationAPI\CreditCardValidationAPI.csproj", "{8FCBF9F8-5525-4FE9-ABFD-A38C573E3AD2}"
EndProject
Project("{FAE04EC0-301F-11D3-BF4B-00C04F79EFBC}") = "CreditCardValidationAPI.Tests", "CreditCardValidationAPI.Tests\CreditCardValidationAPI.Tests.csproj", "{882843BD-3A03-4864-B99E-919E08EDDCF9}"
EndProject
Global
	GlobalSection(SolutionConfigurationPlatforms) = preSolution
		Debug|Any CPU = Debug|Any CPU
		Release|Any CPU = Release|Any CPU
	EndGlobalSection
	GlobalSection(ProjectConfigurationPlatforms) = postSolution
		{8FCBF9F8-5525-4FE9-ABFD-A38C573E3AD2}.Debug|Any CPU.ActiveCfg = Debug|Any CPU
		{8FCBF9F8-5525-4FE9-ABFD-A38C573E3AD2}.Debug|Any CPU.Build.0 = Debug|Any CPU
		{8FCBF9F8-5525-4FE9-ABFD-A38C573E3AD2}.Release|Any CPU.ActiveCfg = Release|Any CPU
		{8FCBF9F8-5525-4FE9-ABFD-A38C573E3AD2}.Release|Any CPU.Build.0 = Release|Any CPU
		{882843BD-3A03-4864-B99E-919E08EDDCF9}.Debug|Any CPU.ActiveCfg = Debug|Any CPU
		{882843BD-3A03-4864-B99E-919E08EDDCF9}.Debug|Any CPU.Build.0 = Debug|Any CPU
		{882843BD-3A03-4864-B99E-919E08EDDCF9}.Release|Any CPU.ActiveCfg = Release|Any CPU
		{882843BD-3A03-4864-B99E-919E08EDDCF9}.Release|Any CPU.Build.0 = Release|Any CPU
	EndGlobalSection
	GlobalSection(SolutionProperties) = preSolution
		HideSolutionNode = FALSE
	EndGlobalSection
	GlobalSection(ExtensibilityGlobals) = postSolution
		SolutionGuid = {7900A5FA-CF96-4AF0-BE48-1902545EFAB1}
	EndGlobalSection
EndGlobal
